{
  "pins" : [
    {
      "identity" : "forgepro",
      "kind" : "remoteSourceControl",
      "location" : "git@github.com:Hi-Rez/ForgePro.git",
      "state" : {
        "branch" : "main",
        "revision" : "55f043da86acd6fe41191d941f1bd1c87d640d4a"
      }
    },
    {
      "identity" : "spectra",
      "kind" : "remoteSourceControl",
      "location" : "git@github.com:Hi-Rez/Spectra.git",
      "state" : {
        "branch" : "master",
        "revision" : "43a24736252863edfbde73e1d3754d7ecdcf46fe"
      }
    },
    {
      "identity" : "youipro",
      "kind" : "remoteSourceControl",
      "location" : "git@github.com:Hi-Rez/YouiPro.git",
      "state" : {
        "branch" : "main",
        "revision" : "32b846f918ca199aa7de2cdf73296c97cb5cb74b"
      }
    }
  ],
  "version" : 2
}
